
Microsoft Visual Studio Solution File, Format Version 12.00
# Visual Studio 15
VisualStudioVersion = 15.0.28010.2050
MinimumVisualStudioVersion = 10.0.40219.1
Project("{FAE04EC0-301F-11D3-BF4B-00C04F79EFBC}") = "WebAPI", "WebAPI\WebAPI.csproj", "{FAE4E234-7496-49C6-8DD1-8227443CC86D}"
EndProject
Global
	GlobalSection(SolutionConfigurationPlatforms) = preSolution
		Debug|Any CPU = Debug|Any CPU
		Release|Any CPU = Release|Any CPU
	EndGlobalSection
	GlobalSection(ProjectConfigurationPlatforms) = postSolution
		{FAE4E234-7496-49C6-8DD1-8227443CC86D}.Debug|Any CPU.ActiveCfg = Debug|Any CPU
		{FAE4E234-7496-49C6-8DD1-8227443CC86D}.Debug|Any CPU.Build.0 = Debug|Any CPU
		{FAE4E234-7496-49C6-8DD1-8227443CC86D}.Release|Any CPU.ActiveCfg = Release|Any CPU
		{FAE4E234-7496-49C6-8DD1-8227443CC86D}.Release|Any CPU.Build.0 = Release|Any CPU
	EndGlobalSection
	GlobalSection(SolutionProperties) = preSolution
		HideSolutionNode = FALSE
	EndGlobalSection
	GlobalSection(ExtensibilityGlobals) = postSolution
		SolutionGuid = {00DB2436-041B-41EE-8C07-5EDAB3C929B0}
	EndGlobalSection
EndGlobal
